
Microsoft Visual Studio Solution File, Format Version 12.00
# Visual Studio Version 17
VisualStudioVersion = 17.9.34902.65
MinimumVisualStudioVersion = 10.0.40219.1
Project("{FAE04EC0-301F-11D3-BF4B-00C04F79EFBC}") = "Oscetch.MonoGame.AStar", "Oscetch.MonoGame.AStar\Oscetch.MonoGame.AStar.csproj", "{1F6A8DE0-9067-4DBB-8F6E-7DD7ECA8CC41}"
EndProject
Global
	GlobalSection(SolutionConfigurationPlatforms) = preSolution
		Debug|Any CPU = Debug|Any CPU
		Release|Any CPU = Release|Any CPU
	EndGlobalSection
	GlobalSection(ProjectConfigurationPlatforms) = postSolution
		{1F6A8DE0-9067-4DBB-8F6E-7DD7ECA8CC41}.Debug|Any CPU.ActiveCfg = Debug|Any CPU
		{1F6A8DE0-9067-4DBB-8F6E-7DD7ECA8CC41}.Debug|Any CPU.Build.0 = Debug|Any CPU
		{1F6A8DE0-9067-4DBB-8F6E-7DD7ECA8CC41}.Release|Any CPU.ActiveCfg = Release|Any CPU
		{1F6A8DE0-9067-4DBB-8F6E-7DD7ECA8CC41}.Release|Any CPU.Build.0 = Release|Any CPU
	EndGlobalSection
	GlobalSection(SolutionProperties) = preSolution
		HideSolutionNode = FALSE
	EndGlobalSection
	GlobalSection(ExtensibilityGlobals) = postSolution
		SolutionGuid = {2553E9AF-0517-4D90-9B6A-F24B6F4F434B}
	EndGlobalSection
EndGlobal
